// !$*UTF8*$!
{
	archiveVersion = 1;
	classes = {
	};
	objectVersion = 55;
	objects = {

/* Begin PBXBuildFile section */
		CC1C117F288273360084BB3D /* AppDelegate.swift in Sources */ = {isa = PBXBuildFile; fileRef = CC1C117E288273360084BB3D /* AppDelegate.swift */; };
		CC1C1181288273360084BB3D /* SceneDelegate.swift in Sources */ = {isa = PBXBuildFile; fileRef = CC1C1180288273360084BB3D /* SceneDelegate.swift */; };
		CC1C1183288273360084BB3D /* ViewController.swift in Sources */ = {isa = PBXBuildFile; fileRef = CC1C1182288273360084BB3D /* ViewController.swift */; };
		CC1C1186288273360084BB3D /* Main.storyboard in Resources */ = {isa = PBXBuildFile; fileRef = CC1C1184288273360084BB3D /* Main.storyboard */; };
		CC1C1188288273370084BB3D /* Assets.xcassets in Resources */ = {isa = PBXBuildFile; fileRef = CC1C1187288273370084BB3D /* Assets.xcassets */; };
		CC1C118B288273370084BB3D /* LaunchScreen.storyboard in Resources */ = {isa = PBXBuildFile; fileRef = CC1C1189288273370084BB3D /* LaunchScreen.storyboard */; };
		CC1C1193288276A70084BB3D /* HomeViewController.swift in Sources */ = {isa = PBXBuildFile; fileRef = CC1C1192288276A70084BB3D /* HomeViewController.swift */; };
		CC1C119628827C510084BB3D /* GridCollectionViewCell.swift in Sources */ = {isa = PBXBuildFile; fileRef = CC1C119428827C510084BB3D /* GridCollectionViewCell.swift */; };
		CC1C119728827C510084BB3D /* GridCollectionViewCell.xib in Resources */ = {isa = PBXBuildFile; fileRef = CC1C119528827C510084BB3D /* GridCollectionViewCell.xib */; };
		CC1C119928827CB70084BB3D /* GridViewController.swift in Sources */ = {isa = PBXBuildFile; fileRef = CC1C119828827CB70084BB3D /* GridViewController.swift */; };
		CC5056452882B2F500B2FD1F /* AscendDescendViewController.swift in Sources */ = {isa = PBXBuildFile; fileRef = CC5056442882B2F500B2FD1F /* AscendDescendViewController.swift */; };
		CC6F26582883A96A00C10395 /* GridController.swift in Sources */ = {isa = PBXBuildFile; fileRef = CC6F26572883A96A00C10395 /* GridController.swift */; };
		CC7147392882C2CE00EA5DA7 /* HomeImageTableViewCell.swift in Sources */ = {isa = PBXBuildFile; fileRef = CC7147382882C2CE00EA5DA7 /* HomeImageTableViewCell.swift */; };
		CCA840572884874E004B9B83 /* SettingViewController.swift in Sources */ = {isa = PBXBuildFile; fileRef = CCA840562884874E004B9B83 /* SettingViewController.swift */; };
		CCA84059288487E7004B9B83 /* Model.swift in Sources */ = {isa = PBXBuildFile; fileRef = CCA84058288487E7004B9B83 /* Model.swift */; };
		CCA8405B2884882D004B9B83 /* Service.swift in Sources */ = {isa = PBXBuildFile; fileRef = CCA8405A2884882D004B9B83 /* Service.swift */; };
		CCA8405D288488CC004B9B83 /* SettingUpdateNameProtocal.swift in Sources */ = {isa = PBXBuildFile; fileRef = CCA8405C288488CC004B9B83 /* SettingUpdateNameProtocal.swift */; };
		CCA840602884892E004B9B83 /* SelectedSettingVC.swift in Sources */ = {isa = PBXBuildFile; fileRef = CCA8405E2884892E004B9B83 /* SelectedSettingVC.swift */; };
		CCA840612884892E004B9B83 /* SelectedSettingVC.xib in Resources */ = {isa = PBXBuildFile; fileRef = CCA8405F2884892E004B9B83 /* SelectedSettingVC.xib */; };
		CCA84064288489B2004B9B83 /* CustomTableViewCell.swift in Sources */ = {isa = PBXBuildFile; fileRef = CCA84062288489B2004B9B83 /* CustomTableViewCell.swift */; };
		CCA84065288489B2004B9B83 /* CustomTableViewCell.xib in Resources */ = {isa = PBXBuildFile; fileRef = CCA84063288489B2004B9B83 /* CustomTableViewCell.xib */; };
/* End PBXBuildFile section */

/* Begin PBXFileReference section */
		CC1C117B288273360084BB3D /* SecondTestAssignment.app */ = {isa = PBXFileReference; explicitFileType = wrapper.application; includeInIndex = 0; path = SecondTestAssignment.app; sourceTree = BUILT_PRODUCTS_DIR; };
		CC1C117E288273360084BB3D /* AppDelegate.swift */ = {isa = PBXFileReference; lastKnownFileType = sourcecode.swift; path = AppDelegate.swift; sourceTree = "<group>"; };
		CC1C1180288273360084BB3D /* SceneDelegate.swift */ = {isa = PBXFileReference; lastKnownFileType = sourcecode.swift; path = SceneDelegate.swift; sourceTree = "<group>"; };
		CC1C1182288273360084BB3D /* ViewController.swift */ = {isa = PBXFileReference; lastKnownFileType = sourcecode.swift; path = ViewController.swift; sourceTree = "<group>"; };
		CC1C1185288273360084BB3D /* Base */ = {isa = PBXFileReference; lastKnownFileType = file.storyboard; name = Base; path = Base.lproj/Main.storyboard; sourceTree = "<group>"; };
		CC1C1187288273370084BB3D /* Assets.xcassets */ = {isa = PBXFileReference; lastKnownFileType = folder.assetcatalog; path = Assets.xcassets; sourceTree = "<group>"; };
		CC1C118A288273370084BB3D /* Base */ = {isa = PBXFileReference; lastKnownFileType = file.storyboard; name = Base; path = Base.lproj/LaunchScreen.storyboard; sourceTree = "<group>"; };
		CC1C118C288273370084BB3D /* Info.plist */ = {isa = PBXFileReference; lastKnownFileType = text.plist.xml; path = Info.plist; sourceTree = "<group>"; };
		CC1C1192288276A70084BB3D /* HomeViewController.swift */ = {isa = PBXFileReference; lastKnownFileType = sourcecode.swift; path = HomeViewController.swift; sourceTree = "<group>"; };
		CC1C119428827C510084BB3D /* GridCollectionViewCell.swift */ = {isa = PBXFileReference; lastKnownFileType = sourcecode.swift; path = GridCollectionViewCell.swift; sourceTree = "<group>"; };
		CC1C119528827C510084BB3D /* GridCollectionViewCell.xib */ = {isa = PBXFileReference; lastKnownFileType = file.xib; path = GridCollectionViewCell.xib; sourceTree = "<group>"; };
		CC1C119828827CB70084BB3D /* GridViewController.swift */ = {isa = PBXFileReference; lastKnownFileType = sourcecode.swift; path = GridViewController.swift; sourceTree = "<group>"; };
		CC5056442882B2F500B2FD1F /* AscendDescendViewController.swift */ = {isa = PBXFileReference; lastKnownFileType = sourcecode.swift; path = AscendDescendViewController.swift; sourceTree = "<group>"; };
		CC6F26572883A96A00C10395 /* GridController.swift */ = {isa = PBXFileReference; lastKnownFileType = sourcecode.swift; path = GridController.swift; sourceTree = "<group>"; };
		CC7147382882C2CE00EA5DA7 /* HomeImageTableViewCell.swift */ = {isa = PBXFileReference; lastKnownFileType = sourcecode.swift; path = HomeImageTableViewCell.swift; sourceTree = "<group>"; };
		CCA840562884874E004B9B83 /* SettingViewController.swift */ = {isa = PBXFileReference; lastKnownFileType = sourcecode.swift; path = SettingViewController.swift; sourceTree = "<group>"; };
		CCA84058288487E7004B9B83 /* Model.swift */ = {isa = PBXFileReference; lastKnownFileType = sourcecode.swift; path = Model.swift; sourceTree = "<group>"; };
		CCA8405A2884882D004B9B83 /* Service.swift */ = {isa = PBXFileReference; lastKnownFileType = sourcecode.swift; path = Service.swift; sourceTree = "<group>"; };
		CCA8405C288488CC004B9B83 /* SettingUpdateNameProtocal.swift */ = {isa = PBXFileReference; lastKnownFileType = sourcecode.swift; path = SettingUpdateNameProtocal.swift; sourceTree = "<group>"; };
		CCA8405E2884892E004B9B83 /* SelectedSettingVC.swift */ = {isa = PBXFileReference; lastKnownFileType = sourcecode.swift; path = SelectedSettingVC.swift; sourceTree = "<group>"; };
		CCA8405F2884892E004B9B83 /* SelectedSettingVC.xib */ = {isa = PBXFileReference; lastKnownFileType = file.xib; path = SelectedSettingVC.xib; sourceTree = "<group>"; };
		CCA84062288489B2004B9B83 /* CustomTableViewCell.swift */ = {isa = PBXFileReference; lastKnownFileType = sourcecode.swift; path = CustomTableViewCell.swift; sourceTree = "<group>"; };
		CCA84063288489B2004B9B83 /* CustomTableViewCell.xib */ = {isa = PBXFileReference; lastKnownFileType = file.xib; path = CustomTableViewCell.xib; sourceTree = "<group>"; };
/* End PBXFileReference section */

/* Begin PBXFrameworksBuildPhase section */
		CC1C1178288273360084BB3D /* Frameworks */ = {
			isa = PBXFrameworksBuildPhase;
			buildActionMask = 2147483647;
			files = (
			);
			runOnlyForDeploymentPostprocessing = 0;
		};
/* End PBXFrameworksBuildPhase section */

/* Begin PBXGroup section */
		CC1C1172288273360084BB3D = {
			isa = PBXGroup;
			children = (
				CC1C117D288273360084BB3D /* SecondTestAssignment */,
				CC1C117C288273360084BB3D /* Products */,
			);
			sourceTree = "<group>";
		};
		CC1C117C288273360084BB3D /* Products */ = {
			isa = PBXGroup;
			children = (
				CC1C117B288273360084BB3D /* SecondTestAssignment.app */,
			);
			name = Products;
			sourceTree = "<group>";
		};
		CC1C117D288273360084BB3D /* SecondTestAssignment */ = {
			isa = PBXGroup;
			children = (
				CC1C119A28828DBF0084BB3D /* Home */,
				CC1C119B28828DDB0084BB3D /* Grid */,
				CCA8405528848706004B9B83 /* Setting */,
				CC1C117E288273360084BB3D /* AppDelegate.swift */,
				CC1C1180288273360084BB3D /* SceneDelegate.swift */,
				CC1C1182288273360084BB3D /* ViewController.swift */,
				CC1C1184288273360084BB3D /* Main.storyboard */,
				CC1C1187288273370084BB3D /* Assets.xcassets */,
				CCA84058288487E7004B9B83 /* Model.swift */,
				CCA8405A2884882D004B9B83 /* Service.swift */,
				CC1C118C288273370084BB3D /* Info.plist */,
				CC1C1189288273370084BB3D /* LaunchScreen.storyboard */,
			);
			path = SecondTestAssignment;
			sourceTree = "<group>";
		};
		CC1C119A28828DBF0084BB3D /* Home */ = {
			isa = PBXGroup;
			children = (
				CC1C1192288276A70084BB3D /* HomeViewController.swift */,
				CC5056442882B2F500B2FD1F /* AscendDescendViewController.swift */,
				CC7147382882C2CE00EA5DA7 /* HomeImageTableViewCell.swift */,
			);
			path = Home;
			sourceTree = "<group>";
		};
		CC1C119B28828DDB0084BB3D /* Grid */ = {
			isa = PBXGroup;
			children = (
				CC1C119828827CB70084BB3D /* GridViewController.swift */,
				CC1C119428827C510084BB3D /* GridCollectionViewCell.swift */,
				CC1C119528827C510084BB3D /* GridCollectionViewCell.xib */,
				CC6F26572883A96A00C10395 /* GridController.swift */,
			);
			path = Grid;
			sourceTree = "<group>";
		};
		CCA8405528848706004B9B83 /* Setting */ = {
			isa = PBXGroup;
			children = (
				CCA840562884874E004B9B83 /* SettingViewController.swift */,
				CCA8405C288488CC004B9B83 /* SettingUpdateNameProtocal.swift */,
				CCA8405E2884892E004B9B83 /* SelectedSettingVC.swift */,
				CCA8405F2884892E004B9B83 /* SelectedSettingVC.xib */,
				CCA84062288489B2004B9B83 /* CustomTableViewCell.swift */,
				CCA84063288489B2004B9B83 /* CustomTableViewCell.xib */,
			);
			path = Setting;
			sourceTree = "<group>";
		};
/* End PBXGroup section */

/* Begin PBXNativeTarget section */
		CC1C117A288273360084BB3D /* SecondTestAssignment */ = {
			isa = PBXNativeTarget;
			buildConfigurationList = CC1C118F288273370084BB3D /* Build configuration list for PBXNativeTarget "SecondTestAssignment" */;
			buildPhases = (
				CC1C1177288273360084BB3D /* Sources */,
				CC1C1178288273360084BB3D /* Frameworks */,
				CC1C1179288273360084BB3D /* Resources */,
			);
			buildRules = (
			);
			dependencies = (
			);
			name = SecondTestAssignment;
			productName = SecondTestAssignment;
			productReference = CC1C117B288273360084BB3D /* SecondTestAssignment.app */;
			productType = "com.apple.product-type.application";
		};
/* End PBXNativeTarget section */

/* Begin PBXProject section */
		CC1C1173288273360084BB3D /* Project object */ = {
			isa = PBXProject;
			attributes = {
				BuildIndependentTargetsInParallel = 1;
				LastSwiftUpdateCheck = 1340;
				LastUpgradeCheck = 1340;
				TargetAttributes = {
					CC1C117A288273360084BB3D = {
						CreatedOnToolsVersion = 13.4.1;
					};
				};
			};
			buildConfigurationList = CC1C1176288273360084BB3D /* Build configuration list for PBXProject "SecondTestAssignment" */;
			compatibilityVersion = "Xcode 13.0";
			developmentRegion = en;
			hasScannedForEncodings = 0;
			knownRegions = (
				en,
				Base,
			);
			mainGroup = CC1C1172288273360084BB3D;
			productRefGroup = CC1C117C288273360084BB3D /* Products */;
			projectDirPath = "";
			projectRoot = "";
			targets = (
				CC1C117A288273360084BB3D /* SecondTestAssignment */,
			);
		};
/* End PBXProject section */

/* Begin PBXResourcesBuildPhase section */
		CC1C1179288273360084BB3D /* Resources */ = {
			isa = PBXResourcesBuildPhase;
			buildActionMask = 2147483647;
			files = (
				CC1C119728827C510084BB3D /* GridCollectionViewCell.xib in Resources */,
				CCA840612884892E004B9B83 /* SelectedSettingVC.xib in Resources */,
				CCA84065288489B2004B9B83 /* CustomTableViewCell.xib in Resources */,
				CC1C118B288273370084BB3D /* LaunchScreen.storyboard in Resources */,
				CC1C1188288273370084BB3D /* Assets.xcassets in Resources */,
				CC1C1186288273360084BB3D /* Main.storyboard in Resources */,
			);
			runOnlyForDeploymentPostprocessing = 0;
		};
/* End PBXResourcesBuildPhase section */

/* Begin PBXSourcesBuildPhase section */
		CC1C1177288273360084BB3D /* Sources */ = {
			isa = PBXSourcesBuildPhase;
			buildActionMask = 2147483647;
			files = (
				CC1C1183288273360084BB3D /* ViewController.swift in Sources */,
				CC6F26582883A96A00C10395 /* GridController.swift in Sources */,
				CC1C117F288273360084BB3D /* AppDelegate.swift in Sources */,
				CC1C119928827CB70084BB3D /* GridViewController.swift in Sources */,
				CC1C1181288273360084BB3D /* SceneDelegate.swift in Sources */,
				CCA8405D288488CC004B9B83 /* SettingUpdateNameProtocal.swift in Sources */,
				CCA84064288489B2004B9B83 /* CustomTableViewCell.swift in Sources */,
				CCA840602884892E004B9B83 /* SelectedSettingVC.swift in Sources */,
				CCA8405B2884882D004B9B83 /* Service.swift in Sources */,
				CCA840572884874E004B9B83 /* SettingViewController.swift in Sources */,
				CC1C1193288276A70084BB3D /* HomeViewController.swift in Sources */,
				CC5056452882B2F500B2FD1F /* AscendDescendViewController.swift in Sources */,
				CCA84059288487E7004B9B83 /* Model.swift in Sources */,
				CC7147392882C2CE00EA5DA7 /* HomeImageTableViewCell.swift in Sources */,
				CC1C119628827C510084BB3D /* GridCollectionViewCell.swift in Sources */,
			);
			runOnlyForDeploymentPostprocessing = 0;
		};
/* End PBXSourcesBuildPhase section */

/* Begin PBXVariantGroup section */
		CC1C1184288273360084BB3D /* Main.storyboard */ = {
			isa = PBXVariantGroup;
			children = (
				CC1C1185288273360084BB3D /* Base */,
			);
			name = Main.storyboard;
			sourceTree = "<group>";
		};
		CC1C1189288273370084BB3D /* LaunchScreen.storyboard */ = {
			isa = PBXVariantGroup;
			children = (
				CC1C118A288273370084BB3D /* Base */,
			);
			name = LaunchScreen.storyboard;
			sourceTree = "<group>";
		};
/* End PBXVariantGroup section */

/* Begin XCBuildConfiguration section */
		CC1C118D288273370084BB3D /* Debug */ = {
			isa = XCBuildConfiguration;
			buildSettings = {
				ALWAYS_SEARCH_USER_PATHS = NO;
				CLANG_ANALYZER_NONNULL = YES;
				CLANG_ANALYZER_NUMBER_OBJECT_CONVERSION = YES_AGGRESSIVE;
				CLANG_CXX_LANGUAGE_STANDARD = "gnu++17";
				CLANG_ENABLE_MODULES = YES;
				CLANG_ENABLE_OBJC_ARC = YES;
				CLANG_ENABLE_OBJC_WEAK = YES;
				CLANG_WARN_BLOCK_CAPTURE_AUTORELEASING = YES;
				CLANG_WARN_BOOL_CONVERSION = YES;
				CLANG_WARN_COMMA = YES;
				CLANG_WARN_CONSTANT_CONVERSION = YES;
				CLANG_WARN_DEPRECATED_OBJC_IMPLEMENTATIONS = YES;
				CLANG_WARN_DIRECT_OBJC_ISA_USAGE = YES_ERROR;
				CLANG_WARN_DOCUMENTATION_COMMENTS = YES;
				CLANG_WARN_EMPTY_BODY = YES;
				CLANG_WARN_ENUM_CONVERSION = YES;
				CLANG_WARN_INFINITE_RECURSION = YES;
				CLANG_WARN_INT_CONVERSION = YES;
				CLANG_WARN_NON_LITERAL_NULL_CONVERSION = YES;
				CLANG_WARN_OBJC_IMPLICIT_RETAIN_SELF = YES;
				CLANG_WARN_OBJC_LITERAL_CONVERSION = YES;
				CLANG_WARN_OBJC_ROOT_CLASS = YES_ERROR;
				CLANG_WARN_QUOTED_INCLUDE_IN_FRAMEWORK_HEADER = YES;
				CLANG_WARN_RANGE_LOOP_ANALYSIS = YES;
				CLANG_WARN_STRICT_PROTOTYPES = YES;
				CLANG_WARN_SUSPICIOUS_MOVE = YES;
				CLANG_WARN_UNGUARDED_AVAILABILITY = YES_AGGRESSIVE;
				CLANG_WARN_UNREACHABLE_CODE = YES;
				CLANG_WARN__DUPLICATE_METHOD_MATCH = YES;
				COPY_PHASE_STRIP = NO;
				DEBUG_INFORMATION_FORMAT = dwarf;
				ENABLE_STRICT_OBJC_MSGSEND = YES;
				ENABLE_TESTABILITY = YES;
				GCC_C_LANGUAGE_STANDARD = gnu11;
				GCC_DYNAMIC_NO_PIC = NO;
				GCC_NO_COMMON_BLOCKS = YES;
				GCC_OPTIMIZATION_LEVEL = 0;
				GCC_PREPROCESSOR_DEFINITIONS = (
					"DEBUG=1",
					"$(inherited)",
				);
				GCC_WARN_64_TO_32_BIT_CONVERSION = YES;
				GCC_WARN_ABOUT_RETURN_TYPE = YES_ERROR;
				GCC_WARN_UNDECLARED_SELECTOR = YES;
				GCC_WARN_UNINITIALIZED_AUTOS = YES_AGGRESSIVE;
				GCC_WARN_UNUSED_FUNCTION = YES;
				GCC_WARN_UNUSED_VARIABLE = YES;
				IPHONEOS_DEPLOYMENT_TARGET = 15.5;
				MTL_ENABLE_DEBUG_INFO = INCLUDE_SOURCE;
				MTL_FAST_MATH = YES;
				ONLY_ACTIVE_ARCH = YES;
				SDKROOT = iphoneos;
				SWIFT_ACTIVE_COMPILATION_CONDITIONS = DEBUG;
				SWIFT_OPTIMIZATION_LEVEL = "-Onone";
			};
			name = Debug;
		};
		CC1C118E288273370084BB3D /* Release */ = {
			isa = XCBuildConfiguration;
			buildSettings = {
				ALWAYS_SEARCH_USER_PATHS = NO;
				CLANG_ANALYZER_NONNULL = YES;
				CLANG_ANALYZER_NUMBER_OBJECT_CONVERSION = YES_AGGRESSIVE;
				CLANG_CXX_LANGUAGE_STANDARD = "gnu++17";
				CLANG_ENABLE_MODULES = YES;
				CLANG_ENABLE_OBJC_ARC = YES;
				CLANG_ENABLE_OBJC_WEAK = YES;
				CLANG_WARN_BLOCK_CAPTURE_AUTORELEASING = YES;
				CLANG_WARN_BOOL_CONVERSION = YES;
				CLANG_WARN_COMMA = YES;
				CLANG_WARN_CONSTANT_CONVERSION = YES;
				CLANG_WARN_DEPRECATED_OBJC_IMPLEMENTATIONS = YES;
				CLANG_WARN_DIRECT_OBJC_ISA_USAGE = YES_ERROR;
				CLANG_WARN_DOCUMENTATION_COMMENTS = YES;
				CLANG_WARN_EMPTY_BODY = YES;
				CLANG_WARN_ENUM_CONVERSION = YES;
				CLANG_WARN_INFINITE_RECURSION = YES;
				CLANG_WARN_INT_CONVERSION = YES;
				CLANG_WARN_NON_LITERAL_NULL_CONVERSION = YES;
				CLANG_WARN_OBJC_IMPLICIT_RETAIN_SELF = YES;
				CLANG_WARN_OBJC_LITERAL_CONVERSION = YES;
				CLANG_WARN_OBJC_ROOT_CLASS = YES_ERROR;
				CLANG_WARN_QUOTED_INCLUDE_IN_FRAMEWORK_HEADER = YES;
				CLANG_WARN_RANGE_LOOP_ANALYSIS = YES;
				CLANG_WARN_STRICT_PROTOTYPES = YES;
				CLANG_WARN_SUSPICIOUS_MOVE = YES;
				CLANG_WARN_UNGUARDED_AVAILABILITY = YES_AGGRESSIVE;
				CLANG_WARN_UNREACHABLE_CODE = YES;
				CLANG_WARN__DUPLICATE_METHOD_MATCH = YES;
				COPY_PHASE_STRIP = NO;
				DEBUG_INFORMATION_FORMAT = "dwarf-with-dsym";
				ENABLE_NS_ASSERTIONS = NO;
				ENABLE_STRICT_OBJC_MSGSEND = YES;
				GCC_C_LANGUAGE_STANDARD = gnu11;
				GCC_NO_COMMON_BLOCKS = YES;
				GCC_WARN_64_TO_32_BIT_CONVERSION = YES;
				GCC_WARN_ABOUT_RETURN_TYPE = YES_ERROR;
				GCC_WARN_UNDECLARED_SELECTOR = YES;
				GCC_WARN_UNINITIALIZED_AUTOS = YES_AGGRESSIVE;
				GCC_WARN_UNUSED_FUNCTION = YES;
				GCC_WARN_UNUSED_VARIABLE = YES;
				IPHONEOS_DEPLOYMENT_TARGET = 15.5;
				MTL_ENABLE_DEBUG_INFO = NO;
				MTL_FAST_MATH = YES;
				SDKROOT = iphoneos;
				SWIFT_COMPILATION_MODE = wholemodule;
				SWIFT_OPTIMIZATION_LEVEL = "-O";
				VALIDATE_PRODUCT = YES;
			};
			name = Release;
		};
		CC1C1190288273370084BB3D /* Debug */ = {
			isa = XCBuildConfiguration;
			buildSettings = {
				ASSETCATALOG_COMPILER_APPICON_NAME = AppIcon;
				ASSETCATALOG_COMPILER_GLOBAL_ACCENT_COLOR_NAME = AccentColor;
				CODE_SIGN_STYLE = Automatic;
				CURRENT_PROJECT_VERSION = 1;
				GENERATE_INFOPLIST_FILE = YES;
				INFOPLIST_FILE = SecondTestAssignment/Info.plist;
				INFOPLIST_KEY_UIApplicationSupportsIndirectInputEvents = YES;
				INFOPLIST_KEY_UILaunchStoryboardName = LaunchScreen;
				INFOPLIST_KEY_UIMainStoryboardFile = Main;
				INFOPLIST_KEY_UISupportedInterfaceOrientations_iPad = "UIInterfaceOrientationPortrait UIInterfaceOrientationPortraitUpsideDown UIInterfaceOrientationLandscapeLeft UIInterfaceOrientationLandscapeRight";
				INFOPLIST_KEY_UISupportedInterfaceOrientations_iPhone = "UIInterfaceOrientationPortrait UIInterfaceOrientationLandscapeLeft UIInterfaceOrientationLandscapeRight";
				LD_RUNPATH_SEARCH_PATHS = (
					"$(inherited)",
					"@executable_path/Frameworks",
				);
				MARKETING_VERSION = 1.0;
				PRODUCT_BUNDLE_IDENTIFIER = com.KelltonTraineeiOS.SecondTestAssignment;
				PRODUCT_NAME = "$(TARGET_NAME)";
				SWIFT_EMIT_LOC_STRINGS = YES;
				SWIFT_VERSION = 5.0;
				TARGETED_DEVICE_FAMILY = "1,2";
			};
			name = Debug;
		};
		CC1C1191288273370084BB3D /* Release */ = {
			isa = XCBuildConfiguration;
			buildSettings = {
				ASSETCATALOG_COMPILER_APPICON_NAME = AppIcon;
				ASSETCATALOG_COMPILER_GLOBAL_ACCENT_COLOR_NAME = AccentColor;
				CODE_SIGN_STYLE = Automatic;
				CURRENT_PROJECT_VERSION = 1;
				GENERATE_INFOPLIST_FILE = YES;
				INFOPLIST_FILE = SecondTestAssignment/Info.plist;
				INFOPLIST_KEY_UIApplicationSupportsIndirectInputEvents = YES;
				INFOPLIST_KEY_UILaunchStoryboardName = LaunchScreen;
				INFOPLIST_KEY_UIMainStoryboardFile = Main;
				INFOPLIST_KEY_UISupportedInterfaceOrientations_iPad = "UIInterfaceOrientationPortrait UIInterfaceOrientationPortraitUpsideDown UIInterfaceOrientationLandscapeLeft UIInterfaceOrientationLandscapeRight";
				INFOPLIST_KEY_UISupportedInterfaceOrientations_iPhone = "UIInterfaceOrientationPortrait UIInterfaceOrientationLandscapeLeft UIInterfaceOrientationLandscapeRight";
				LD_RUNPATH_SEARCH_PATHS = (
					"$(inherited)",
					"@executable_path/Frameworks",
				);
				MARKETING_VERSION = 1.0;
				PRODUCT_BUNDLE_IDENTIFIER = com.KelltonTraineeiOS.SecondTestAssignment;
				PRODUCT_NAME = "$(TARGET_NAME)";
				SWIFT_EMIT_LOC_STRINGS = YES;
				SWIFT_VERSION = 5.0;
				TARGETED_DEVICE_FAMILY = "1,2";
			};
			name = Release;
		};
/* End XCBuildConfiguration section */

/* Begin XCConfigurationList section */
		CC1C1176288273360084BB3D /* Build configuration list for PBXProject "SecondTestAssignment" */ = {
			isa = XCConfigurationList;
			buildConfigurations = (
				CC1C118D288273370084BB3D /* Debug */,
				CC1C118E288273370084BB3D /* Release */,
			);
			defaultConfigurationIsVisible = 0;
			defaultConfigurationName = Release;
		};
		CC1C118F288273370084BB3D /* Build configuration list for PBXNativeTarget "SecondTestAssignment" */ = {
			isa = XCConfigurationList;
			buildConfigurations = (
				CC1C1190288273370084BB3D /* Debug */,
				CC1C1191288273370084BB3D /* Release */,
			);
			defaultConfigurationIsVisible = 0;
			defaultConfigurationName = Release;
		};
/* End XCConfigurationList section */
	};
	rootObject = CC1C1173288273360084BB3D /* Project object */;
}
